
Microsoft Visual Studio Solution File, Format Version 12.00
# Visual Studio Version 17
VisualStudioVersion = 17.4.33205.214
MinimumVisualStudioVersion = 10.0.40219.1
Project("{FAE04EC0-301F-11D3-BF4B-00C04F79EFBC}") = "FirstConsoleApp", "FirstConsoleApp\FirstConsoleApp.csproj", "{F6DB6B1F-851C-42B9-8E65-A07F9DCC5D0D}"
EndProject
Global
	GlobalSection(SolutionConfigurationPlatforms) = preSolution
		Debug|Any CPU = Debug|Any CPU
		Release|Any CPU = Release|Any CPU
	EndGlobalSection
	GlobalSection(ProjectConfigurationPlatforms) = postSolution
		{F6DB6B1F-851C-42B9-8E65-A07F9DCC5D0D}.Debug|Any CPU.ActiveCfg = Debug|Any CPU
		{F6DB6B1F-851C-42B9-8E65-A07F9DCC5D0D}.Debug|Any CPU.Build.0 = Debug|Any CPU
		{F6DB6B1F-851C-42B9-8E65-A07F9DCC5D0D}.Release|Any CPU.ActiveCfg = Release|Any CPU
		{F6DB6B1F-851C-42B9-8E65-A07F9DCC5D0D}.Release|Any CPU.Build.0 = Release|Any CPU
	EndGlobalSection
	GlobalSection(SolutionProperties) = preSolution
		HideSolutionNode = FALSE
	EndGlobalSection
	GlobalSection(ExtensibilityGlobals) = postSolution
		SolutionGuid = {0E6AE33B-F837-4007-8AEB-7E193F601EC8}
	EndGlobalSection
EndGlobal
